
Microsoft Visual Studio Solution File, Format Version 12.00
# Visual Studio 15
VisualStudioVersion = 15.0.28307.168
MinimumVisualStudioVersion = 10.0.40219.1
Project("{9A19103F-16F7-4668-BE54-9A1E7A4F7556}") = "Vulkan", "Vulkan\Vulkan.csproj", "{FAC3B7A7-96E6-4473-98D8-28C97F938871}"
EndProject
Project("{FAE04EC0-301F-11D3-BF4B-00C04F79EFBC}") = "Obselete", "ApiSpec.Lesson02Shader\Obselete.csproj", "{4B78F253-8B4C-4E12-9943-E2157F0EF057}"
EndProject
Project("{FAE04EC0-301F-11D3-BF4B-00C04F79EFBC}") = "Demo01.Texture", "Demo01.Texture\Demo01.Texture.csproj", "{9B1802BD-A1E4-4B89-A03D-C1F47BC772C7}"
EndProject
Global
	GlobalSection(SolutionConfigurationPlatforms) = preSolution
		Debug|Any CPU = Debug|Any CPU
		Release|Any CPU = Release|Any CPU
	EndGlobalSection
	GlobalSection(ProjectConfigurationPlatforms) = postSolution
		{FAC3B7A7-96E6-4473-98D8-28C97F938871}.Debug|Any CPU.ActiveCfg = Debug|Any CPU
		{FAC3B7A7-96E6-4473-98D8-28C97F938871}.Debug|Any CPU.Build.0 = Debug|Any CPU
		{FAC3B7A7-96E6-4473-98D8-28C97F938871}.Release|Any CPU.ActiveCfg = Release|Any CPU
		{FAC3B7A7-96E6-4473-98D8-28C97F938871}.Release|Any CPU.Build.0 = Release|Any CPU
		{4B78F253-8B4C-4E12-9943-E2157F0EF057}.Debug|Any CPU.ActiveCfg = Debug|Any CPU
		{4B78F253-8B4C-4E12-9943-E2157F0EF057}.Debug|Any CPU.Build.0 = Debug|Any CPU
		{4B78F253-8B4C-4E12-9943-E2157F0EF057}.Release|Any CPU.ActiveCfg = Release|Any CPU
		{4B78F253-8B4C-4E12-9943-E2157F0EF057}.Release|Any CPU.Build.0 = Release|Any CPU
		{9B1802BD-A1E4-4B89-A03D-C1F47BC772C7}.Debug|Any CPU.ActiveCfg = Debug|Any CPU
		{9B1802BD-A1E4-4B89-A03D-C1F47BC772C7}.Debug|Any CPU.Build.0 = Debug|Any CPU
		{9B1802BD-A1E4-4B89-A03D-C1F47BC772C7}.Release|Any CPU.ActiveCfg = Release|Any CPU
		{9B1802BD-A1E4-4B89-A03D-C1F47BC772C7}.Release|Any CPU.Build.0 = Release|Any CPU
	EndGlobalSection
	GlobalSection(SolutionProperties) = preSolution
		HideSolutionNode = FALSE
	EndGlobalSection
	GlobalSection(ExtensibilityGlobals) = postSolution
		SolutionGuid = {4031F7BE-5613-4865-931D-E591C0D8F331}
	EndGlobalSection
EndGlobal
