
Microsoft Visual Studio Solution File, Format Version 12.00
# Visual Studio 15
VisualStudioVersion = 15.0.28307.168
MinimumVisualStudioVersion = 10.0.40219.1
Project("{FAE04EC0-301F-11D3-BF4B-00C04F79EFBC}") = "Lesson01Clear", "Lesson01Clear\Lesson01Clear.csproj", "{EFDE9AE2-DC90-4CB6-BBEA-3F98AAEF1322}"
EndProject
Project("{9A19103F-16F7-4668-BE54-9A1E7A4F7556}") = "Vulkan", "Vulkan\Vulkan.csproj", "{D948E0CC-AC90-4AFA-803F-744D92BBA406}"
EndProject
Project("{9A19103F-16F7-4668-BE54-9A1E7A4F7556}") = "Vulkan.Platforms", "Vulkan.Platforms\Vulkan.Platforms.csproj", "{F6AA46C3-BE7C-439E-9413-8545A9C0402A}"
EndProject
Project("{FAE04EC0-301F-11D3-BF4B-00C04F79EFBC}") = "Lesson02Shader", "Lesson02Shader\Lesson02Shader.csproj", "{9A0D84E1-364B-41D3-A0D9-0C4270447F45}"
EndProject
Project("{FAE04EC0-301F-11D3-BF4B-00C04F79EFBC}") = "ApiSpec", "ApiSpec\ApiSpec.csproj", "{C36E2A44-7427-4C8B-BE95-FCFC1F979E4F}"
EndProject
Global
	GlobalSection(SolutionConfigurationPlatforms) = preSolution
		Debug|Any CPU = Debug|Any CPU
		Release|Any CPU = Release|Any CPU
	EndGlobalSection
	GlobalSection(ProjectConfigurationPlatforms) = postSolution
		{EFDE9AE2-DC90-4CB6-BBEA-3F98AAEF1322}.Debug|Any CPU.ActiveCfg = Debug|Any CPU
		{EFDE9AE2-DC90-4CB6-BBEA-3F98AAEF1322}.Debug|Any CPU.Build.0 = Debug|Any CPU
		{EFDE9AE2-DC90-4CB6-BBEA-3F98AAEF1322}.Release|Any CPU.ActiveCfg = Release|Any CPU
		{EFDE9AE2-DC90-4CB6-BBEA-3F98AAEF1322}.Release|Any CPU.Build.0 = Release|Any CPU
		{D948E0CC-AC90-4AFA-803F-744D92BBA406}.Debug|Any CPU.ActiveCfg = Debug|Any CPU
		{D948E0CC-AC90-4AFA-803F-744D92BBA406}.Debug|Any CPU.Build.0 = Debug|Any CPU
		{D948E0CC-AC90-4AFA-803F-744D92BBA406}.Release|Any CPU.ActiveCfg = Release|Any CPU
		{D948E0CC-AC90-4AFA-803F-744D92BBA406}.Release|Any CPU.Build.0 = Release|Any CPU
		{F6AA46C3-BE7C-439E-9413-8545A9C0402A}.Debug|Any CPU.ActiveCfg = Debug|Any CPU
		{F6AA46C3-BE7C-439E-9413-8545A9C0402A}.Debug|Any CPU.Build.0 = Debug|Any CPU
		{F6AA46C3-BE7C-439E-9413-8545A9C0402A}.Release|Any CPU.ActiveCfg = Release|Any CPU
		{F6AA46C3-BE7C-439E-9413-8545A9C0402A}.Release|Any CPU.Build.0 = Release|Any CPU
		{9A0D84E1-364B-41D3-A0D9-0C4270447F45}.Debug|Any CPU.ActiveCfg = Debug|Any CPU
		{9A0D84E1-364B-41D3-A0D9-0C4270447F45}.Debug|Any CPU.Build.0 = Debug|Any CPU
		{9A0D84E1-364B-41D3-A0D9-0C4270447F45}.Release|Any CPU.ActiveCfg = Release|Any CPU
		{9A0D84E1-364B-41D3-A0D9-0C4270447F45}.Release|Any CPU.Build.0 = Release|Any CPU
		{C36E2A44-7427-4C8B-BE95-FCFC1F979E4F}.Debug|Any CPU.ActiveCfg = Debug|Any CPU
		{C36E2A44-7427-4C8B-BE95-FCFC1F979E4F}.Debug|Any CPU.Build.0 = Debug|Any CPU
		{C36E2A44-7427-4C8B-BE95-FCFC1F979E4F}.Release|Any CPU.ActiveCfg = Release|Any CPU
		{C36E2A44-7427-4C8B-BE95-FCFC1F979E4F}.Release|Any CPU.Build.0 = Release|Any CPU
	EndGlobalSection
	GlobalSection(SolutionProperties) = preSolution
		HideSolutionNode = FALSE
	EndGlobalSection
	GlobalSection(ExtensibilityGlobals) = postSolution
		SolutionGuid = {4031F7BE-5613-4865-931D-E591C0D8F331}
	EndGlobalSection
EndGlobal
